// !$*UTF8*$!
{
	archiveVersion = 1;
	classes = {
	};
	objectVersion = 48;
	objects = {

/* Begin PBXBuildFile section */
		A91FC2B2205F092500A055F0 /* AppDelegate.swift in Sources */ = {isa = PBXBuildFile; fileRef = A91FC2B1205F092500A055F0 /* AppDelegate.swift */; };
		A91FC2B4205F092500A055F0 /* ViewController.swift in Sources */ = {isa = PBXBuildFile; fileRef = A91FC2B3205F092500A055F0 /* ViewController.swift */; };
		A91FC2B7205F092500A055F0 /* Main.storyboard in Resources */ = {isa = PBXBuildFile; fileRef = A91FC2B5205F092500A055F0 /* Main.storyboard */; };
		A91FC2B9205F092500A055F0 /* Assets.xcassets in Resources */ = {isa = PBXBuildFile; fileRef = A91FC2B8205F092500A055F0 /* Assets.xcassets */; };
		A91FC2BC205F092500A055F0 /* LaunchScreen.storyboard in Resources */ = {isa = PBXBuildFile; fileRef = A91FC2BA205F092500A055F0 /* LaunchScreen.storyboard */; };
		A91FC2C6205F094900A055F0 /* BG1.png in Resources */ = {isa = PBXBuildFile; fileRef = A91FC2C3205F094900A055F0 /* BG1.png */; };
		A91FC2C7205F094900A055F0 /* BG3.jpg in Resources */ = {isa = PBXBuildFile; fileRef = A91FC2C4205F094900A055F0 /* BG3.jpg */; };
		A91FC2C8205F094900A055F0 /* BG2.jpg in Resources */ = {isa = PBXBuildFile; fileRef = A91FC2C5205F094900A055F0 /* BG2.jpg */; };
		A91FC2CC205FD92D00A055F0 /* 28541-NXEANP.jpg in Resources */ = {isa = PBXBuildFile; fileRef = A91FC2CB205FD92D00A055F0 /* 28541-NXEANP.jpg */; };
		A91FC2CF205FE0DE00A055F0 /* Green Button.png in Resources */ = {isa = PBXBuildFile; fileRef = A91FC2CD205FE0DE00A055F0 /* Green Button.png */; };
		A91FC2D0205FE0DE00A055F0 /* Red Button.png in Resources */ = {isa = PBXBuildFile; fileRef = A91FC2CE205FE0DE00A055F0 /* Red Button.png */; };
		A91FC2D2205FE51D00A055F0 /* image1_Male.png in Resources */ = {isa = PBXBuildFile; fileRef = A91FC2D1205FE51D00A055F0 /* image1_Male.png */; };
		A91FC2D52060C32A00A055F0 /* AdobeStock_68538581.jpg in Resources */ = {isa = PBXBuildFile; fileRef = A91FC2D42060C32A00A055F0 /* AdobeStock_68538581.jpg */; };
		A91FC2D82064378300A055F0 /* MapKit.framework in Frameworks */ = {isa = PBXBuildFile; fileRef = A91FC2D72064378300A055F0 /* MapKit.framework */; };
/* End PBXBuildFile section */

/* Begin PBXContainerItemProxy section */
		A91FC2FC20643B8200A055F0 /* PBXContainerItemProxy */ = {
			isa = PBXContainerItemProxy;
			containerPortal = A91FC2F820643B8000A055F0 /* HairCutteryClub2018.xcodeproj */;
			proxyType = 2;
			remoteGlobalIDString = A91FC2E320643B8000A055F0;
			remoteInfo = HairCutteryClub2018;
		};
/* End PBXContainerItemProxy section */

/* Begin PBXFileReference section */
		A91FC2AE205F092500A055F0 /* HairCutteryClub.app */ = {isa = PBXFileReference; explicitFileType = wrapper.application; includeInIndex = 0; path = HairCutteryClub.app; sourceTree = BUILT_PRODUCTS_DIR; };
		A91FC2B1205F092500A055F0 /* AppDelegate.swift */ = {isa = PBXFileReference; lastKnownFileType = sourcecode.swift; path = AppDelegate.swift; sourceTree = "<group>"; };
		A91FC2B3205F092500A055F0 /* ViewController.swift */ = {isa = PBXFileReference; lastKnownFileType = sourcecode.swift; path = ViewController.swift; sourceTree = "<group>"; };
		A91FC2B6205F092500A055F0 /* Base */ = {isa = PBXFileReference; lastKnownFileType = file.storyboard; name = Base; path = Base.lproj/Main.storyboard; sourceTree = "<group>"; };
		A91FC2B8205F092500A055F0 /* Assets.xcassets */ = {isa = PBXFileReference; lastKnownFileType = folder.assetcatalog; path = Assets.xcassets; sourceTree = "<group>"; };
		A91FC2BB205F092500A055F0 /* Base */ = {isa = PBXFileReference; lastKnownFileType = file.storyboard; name = Base; path = Base.lproj/LaunchScreen.storyboard; sourceTree = "<group>"; };
		A91FC2BD205F092500A055F0 /* Info.plist */ = {isa = PBXFileReference; lastKnownFileType = text.plist.xml; path = Info.plist; sourceTree = "<group>"; };
		A91FC2C3205F094900A055F0 /* BG1.png */ = {isa = PBXFileReference; lastKnownFileType = image.png; name = BG1.png; path = ../../../../../../Downloads/Glinthub/BG1.png; sourceTree = "<group>"; };
		A91FC2C4205F094900A055F0 /* BG3.jpg */ = {isa = PBXFileReference; lastKnownFileType = image.jpeg; name = BG3.jpg; path = ../../../../../../Downloads/Glinthub/BG3.jpg; sourceTree = "<group>"; };
		A91FC2C5205F094900A055F0 /* BG2.jpg */ = {isa = PBXFileReference; lastKnownFileType = image.jpeg; name = BG2.jpg; path = ../../../../../../Downloads/Glinthub/BG2.jpg; sourceTree = "<group>"; };
		A91FC2CB205FD92D00A055F0 /* 28541-NXEANP.jpg */ = {isa = PBXFileReference; lastKnownFileType = image.jpeg; name = "28541-NXEANP.jpg"; path = "../../../../../../Downloads/Arrow-buttons/28541-NXEANP.jpg"; sourceTree = "<group>"; };
		A91FC2CD205FE0DE00A055F0 /* Green Button.png */ = {isa = PBXFileReference; lastKnownFileType = image.png; name = "Green Button.png"; path = "../../../../../../Downloads/Glinthub/Green Button.png"; sourceTree = "<group>"; };
		A91FC2CE205FE0DE00A055F0 /* Red Button.png */ = {isa = PBXFileReference; lastKnownFileType = image.png; name = "Red Button.png"; path = "../../../../../../Downloads/Glinthub/Red Button.png"; sourceTree = "<group>"; };
		A91FC2D1205FE51D00A055F0 /* image1_Male.png */ = {isa = PBXFileReference; lastKnownFileType = image.png; name = image1_Male.png; path = ../../../../../../Downloads/Glinthub/image1_Male.png; sourceTree = "<group>"; };
		A91FC2D42060C32A00A055F0 /* AdobeStock_68538581.jpg */ = {isa = PBXFileReference; lastKnownFileType = image.jpeg; name = AdobeStock_68538581.jpg; path = ../../../../../../Downloads/AdobeStock_68538581.jpg; sourceTree = "<group>"; };
		A91FC2D72064378300A055F0 /* MapKit.framework */ = {isa = PBXFileReference; lastKnownFileType = wrapper.framework; name = MapKit.framework; path = System/Library/Frameworks/MapKit.framework; sourceTree = SDKROOT; };
		A91FC2D9206437D800A055F0 /* HairCutteryClub.entitlements */ = {isa = PBXFileReference; lastKnownFileType = text.plist.entitlements; path = HairCutteryClub.entitlements; sourceTree = "<group>"; };
		A91FC2F820643B8000A055F0 /* HairCutteryClub2018.xcodeproj */ = {isa = PBXFileReference; lastKnownFileType = "wrapper.pb-project"; name = HairCutteryClub2018.xcodeproj; path = HairCutteryClub2018/HairCutteryClub2018.xcodeproj; sourceTree = "<group>"; };
/* End PBXFileReference section */

/* Begin PBXFrameworksBuildPhase section */
		A91FC2AB205F092500A055F0 /* Frameworks */ = {
			isa = PBXFrameworksBuildPhase;
			buildActionMask = 2147483647;
			files = (
				A91FC2D82064378300A055F0 /* MapKit.framework in Frameworks */,
			);
			runOnlyForDeploymentPostprocessing = 0;
		};
/* End PBXFrameworksBuildPhase section */

/* Begin PBXGroup section */
		A91FC2A5205F092500A055F0 = {
			isa = PBXGroup;
			children = (
				A91FC2F820643B8000A055F0 /* HairCutteryClub2018.xcodeproj */,
				A91FC2B0205F092500A055F0 /* HairCutteryClub */,
				A91FC2AF205F092500A055F0 /* Products */,
				A91FC2D62064378300A055F0 /* Frameworks */,
			);
			sourceTree = "<group>";
		};
		A91FC2AF205F092500A055F0 /* Products */ = {
			isa = PBXGroup;
			children = (
				A91FC2AE205F092500A055F0 /* HairCutteryClub.app */,
			);
			name = Products;
			sourceTree = "<group>";
		};
		A91FC2B0205F092500A055F0 /* HairCutteryClub */ = {
			isa = PBXGroup;
			children = (
				A91FC2D9206437D800A055F0 /* HairCutteryClub.entitlements */,
				A91FC2B1205F092500A055F0 /* AppDelegate.swift */,
				A91FC2B3205F092500A055F0 /* ViewController.swift */,
				A91FC2B5205F092500A055F0 /* Main.storyboard */,
				A91FC2B8205F092500A055F0 /* Assets.xcassets */,
				A91FC2D42060C32A00A055F0 /* AdobeStock_68538581.jpg */,
				A91FC2CD205FE0DE00A055F0 /* Green Button.png */,
				A91FC2CE205FE0DE00A055F0 /* Red Button.png */,
				A91FC2CB205FD92D00A055F0 /* 28541-NXEANP.jpg */,
				A91FC2D1205FE51D00A055F0 /* image1_Male.png */,
				A91FC2C3205F094900A055F0 /* BG1.png */,
				A91FC2C5205F094900A055F0 /* BG2.jpg */,
				A91FC2C4205F094900A055F0 /* BG3.jpg */,
				A91FC2BA205F092500A055F0 /* LaunchScreen.storyboard */,
				A91FC2BD205F092500A055F0 /* Info.plist */,
			);
			path = HairCutteryClub;
			sourceTree = "<group>";
		};
		A91FC2D62064378300A055F0 /* Frameworks */ = {
			isa = PBXGroup;
			children = (
				A91FC2D72064378300A055F0 /* MapKit.framework */,
			);
			name = Frameworks;
			sourceTree = "<group>";
		};
		A91FC2F920643B8000A055F0 /* Products */ = {
			isa = PBXGroup;
			children = (
				A91FC2FD20643B8200A055F0 /* HairCutteryClub2018.app */,
			);
			name = Products;
			sourceTree = "<group>";
		};
/* End PBXGroup section */

/* Begin PBXNativeTarget section */
		A91FC2AD205F092500A055F0 /* HairCutteryClub */ = {
			isa = PBXNativeTarget;
			buildConfigurationList = A91FC2C0205F092500A055F0 /* Build configuration list for PBXNativeTarget "HairCutteryClub" */;
			buildPhases = (
				A91FC2AA205F092500A055F0 /* Sources */,
				A91FC2AB205F092500A055F0 /* Frameworks */,
				A91FC2AC205F092500A055F0 /* Resources */,
			);
			buildRules = (
			);
			dependencies = (
			);
			name = HairCutteryClub;
			productName = HairCutteryClub;
			productReference = A91FC2AE205F092500A055F0 /* HairCutteryClub.app */;
			productType = "com.apple.product-type.application";
		};
/* End PBXNativeTarget section */

/* Begin PBXProject section */
		A91FC2A6205F092500A055F0 /* Project object */ = {
			isa = PBXProject;
			attributes = {
				LastSwiftUpdateCheck = 0920;
				LastUpgradeCheck = 0920;
				ORGANIZATIONNAME = GlintHub;
				TargetAttributes = {
					A91FC2AD205F092500A055F0 = {
						CreatedOnToolsVersion = 9.2;
						ProvisioningStyle = Automatic;
						SystemCapabilities = {
							com.apple.DataProtection = {
								enabled = 1;
							};
							com.apple.Maps.iOS = {
								enabled = 1;
							};
						};
					};
				};
			};
			buildConfigurationList = A91FC2A9205F092500A055F0 /* Build configuration list for PBXProject "HairCutteryClub" */;
			compatibilityVersion = "Xcode 8.0";
			developmentRegion = en;
			hasScannedForEncodings = 0;
			knownRegions = (
				en,
				Base,
			);
			mainGroup = A91FC2A5205F092500A055F0;
			productRefGroup = A91FC2AF205F092500A055F0 /* Products */;
			projectDirPath = "";
			projectReferences = (
				{
					ProductGroup = A91FC2F920643B8000A055F0 /* Products */;
					ProjectRef = A91FC2F820643B8000A055F0 /* HairCutteryClub2018.xcodeproj */;
				},
			);
			projectRoot = "";
			targets = (
				A91FC2AD205F092500A055F0 /* HairCutteryClub */,
			);
		};
/* End PBXProject section */

/* Begin PBXReferenceProxy section */
		A91FC2FD20643B8200A055F0 /* HairCutteryClub2018.app */ = {
			isa = PBXReferenceProxy;
			fileType = wrapper.application;
			path = HairCutteryClub2018.app;
			remoteRef = A91FC2FC20643B8200A055F0 /* PBXContainerItemProxy */;
			sourceTree = BUILT_PRODUCTS_DIR;
		};
/* End PBXReferenceProxy section */

/* Begin PBXResourcesBuildPhase section */
		A91FC2AC205F092500A055F0 /* Resources */ = {
			isa = PBXResourcesBuildPhase;
			buildActionMask = 2147483647;
			files = (
				A91FC2D0205FE0DE00A055F0 /* Red Button.png in Resources */,
				A91FC2C6205F094900A055F0 /* BG1.png in Resources */,
				A91FC2D2205FE51D00A055F0 /* image1_Male.png in Resources */,
				A91FC2BC205F092500A055F0 /* LaunchScreen.storyboard in Resources */,
				A91FC2CC205FD92D00A055F0 /* 28541-NXEANP.jpg in Resources */,
				A91FC2B9205F092500A055F0 /* Assets.xcassets in Resources */,
				A91FC2D52060C32A00A055F0 /* AdobeStock_68538581.jpg in Resources */,
				A91FC2C8205F094900A055F0 /* BG2.jpg in Resources */,
				A91FC2B7205F092500A055F0 /* Main.storyboard in Resources */,
				A91FC2C7205F094900A055F0 /* BG3.jpg in Resources */,
				A91FC2CF205FE0DE00A055F0 /* Green Button.png in Resources */,
			);
			runOnlyForDeploymentPostprocessing = 0;
		};
/* End PBXResourcesBuildPhase section */

/* Begin PBXSourcesBuildPhase section */
		A91FC2AA205F092500A055F0 /* Sources */ = {
			isa = PBXSourcesBuildPhase;
			buildActionMask = 2147483647;
			files = (
				A91FC2B4205F092500A055F0 /* ViewController.swift in Sources */,
				A91FC2B2205F092500A055F0 /* AppDelegate.swift in Sources */,
			);
			runOnlyForDeploymentPostprocessing = 0;
		};
/* End PBXSourcesBuildPhase section */

/* Begin PBXVariantGroup section */
		A91FC2B5205F092500A055F0 /* Main.storyboard */ = {
			isa = PBXVariantGroup;
			children = (
				A91FC2B6205F092500A055F0 /* Base */,
			);
			name = Main.storyboard;
			sourceTree = "<group>";
		};
		A91FC2BA205F092500A055F0 /* LaunchScreen.storyboard */ = {
			isa = PBXVariantGroup;
			children = (
				A91FC2BB205F092500A055F0 /* Base */,
			);
			name = LaunchScreen.storyboard;
			sourceTree = "<group>";
		};
/* End PBXVariantGroup section */

/* Begin XCBuildConfiguration section */
		A91FC2BE205F092500A055F0 /* Debug */ = {
			isa = XCBuildConfiguration;
			buildSettings = {
				ALWAYS_SEARCH_USER_PATHS = NO;
				CLANG_ANALYZER_NONNULL = YES;
				CLANG_ANALYZER_NUMBER_OBJECT_CONVERSION = YES_AGGRESSIVE;
				CLANG_CXX_LANGUAGE_STANDARD = "gnu++14";
				CLANG_CXX_LIBRARY = "libc++";
				CLANG_ENABLE_MODULES = YES;
				CLANG_ENABLE_OBJC_ARC = YES;
				CLANG_WARN_BLOCK_CAPTURE_AUTORELEASING = YES;
				CLANG_WARN_BOOL_CONVERSION = YES;
				CLANG_WARN_COMMA = YES;
				CLANG_WARN_CONSTANT_CONVERSION = YES;
				CLANG_WARN_DIRECT_OBJC_ISA_USAGE = YES_ERROR;
				CLANG_WARN_DOCUMENTATION_COMMENTS = YES;
				CLANG_WARN_EMPTY_BODY = YES;
				CLANG_WARN_ENUM_CONVERSION = YES;
				CLANG_WARN_INFINITE_RECURSION = YES;
				CLANG_WARN_INT_CONVERSION = YES;
				CLANG_WARN_NON_LITERAL_NULL_CONVERSION = YES;
				CLANG_WARN_OBJC_LITERAL_CONVERSION = YES;
				CLANG_WARN_OBJC_ROOT_CLASS = YES_ERROR;
				CLANG_WARN_RANGE_LOOP_ANALYSIS = YES;
				CLANG_WARN_STRICT_PROTOTYPES = YES;
				CLANG_WARN_SUSPICIOUS_MOVE = YES;
				CLANG_WARN_UNGUARDED_AVAILABILITY = YES_AGGRESSIVE;
				CLANG_WARN_UNREACHABLE_CODE = YES;
				CLANG_WARN__DUPLICATE_METHOD_MATCH = YES;
				CODE_SIGN_IDENTITY = "iPhone Developer";
				COPY_PHASE_STRIP = NO;
				DEBUG_INFORMATION_FORMAT = dwarf;
				ENABLE_STRICT_OBJC_MSGSEND = YES;
				ENABLE_TESTABILITY = YES;
				GCC_C_LANGUAGE_STANDARD = gnu11;
				GCC_DYNAMIC_NO_PIC = NO;
				GCC_NO_COMMON_BLOCKS = YES;
				GCC_OPTIMIZATION_LEVEL = 0;
				GCC_PREPROCESSOR_DEFINITIONS = (
					"DEBUG=1",
					"$(inherited)",
				);
				GCC_WARN_64_TO_32_BIT_CONVERSION = YES;
				GCC_WARN_ABOUT_RETURN_TYPE = YES_ERROR;
				GCC_WARN_UNDECLARED_SELECTOR = YES;
				GCC_WARN_UNINITIALIZED_AUTOS = YES_AGGRESSIVE;
				GCC_WARN_UNUSED_FUNCTION = YES;
				GCC_WARN_UNUSED_VARIABLE = YES;
				IPHONEOS_DEPLOYMENT_TARGET = 11.2;
				MTL_ENABLE_DEBUG_INFO = YES;
				ONLY_ACTIVE_ARCH = YES;
				SDKROOT = iphoneos;
				SWIFT_ACTIVE_COMPILATION_CONDITIONS = DEBUG;
				SWIFT_OPTIMIZATION_LEVEL = "-Onone";
			};
			name = Debug;
		};
		A91FC2BF205F092500A055F0 /* Release */ = {
			isa = XCBuildConfiguration;
			buildSettings = {
				ALWAYS_SEARCH_USER_PATHS = NO;
				CLANG_ANALYZER_NONNULL = YES;
				CLANG_ANALYZER_NUMBER_OBJECT_CONVERSION = YES_AGGRESSIVE;
				CLANG_CXX_LANGUAGE_STANDARD = "gnu++14";
				CLANG_CXX_LIBRARY = "libc++";
				CLANG_ENABLE_MODULES = YES;
				CLANG_ENABLE_OBJC_ARC = YES;
				CLANG_WARN_BLOCK_CAPTURE_AUTORELEASING = YES;
				CLANG_WARN_BOOL_CONVERSION = YES;
				CLANG_WARN_COMMA = YES;
				CLANG_WARN_CONSTANT_CONVERSION = YES;
				CLANG_WARN_DIRECT_OBJC_ISA_USAGE = YES_ERROR;
				CLANG_WARN_DOCUMENTATION_COMMENTS = YES;
				CLANG_WARN_EMPTY_BODY = YES;
				CLANG_WARN_ENUM_CONVERSION = YES;
				CLANG_WARN_INFINITE_RECURSION = YES;
				CLANG_WARN_INT_CONVERSION = YES;
				CLANG_WARN_NON_LITERAL_NULL_CONVERSION = YES;
				CLANG_WARN_OBJC_LITERAL_CONVERSION = YES;
				CLANG_WARN_OBJC_ROOT_CLASS = YES_ERROR;
				CLANG_WARN_RANGE_LOOP_ANALYSIS = YES;
				CLANG_WARN_STRICT_PROTOTYPES = YES;
				CLANG_WARN_SUSPICIOUS_MOVE = YES;
				CLANG_WARN_UNGUARDED_AVAILABILITY = YES_AGGRESSIVE;
				CLANG_WARN_UNREACHABLE_CODE = YES;
				CLANG_WARN__DUPLICATE_METHOD_MATCH = YES;
				CODE_SIGN_IDENTITY = "iPhone Developer";
				COPY_PHASE_STRIP = NO;
				DEBUG_INFORMATION_FORMAT = "dwarf-with-dsym";
				ENABLE_NS_ASSERTIONS = NO;
				ENABLE_STRICT_OBJC_MSGSEND = YES;
				GCC_C_LANGUAGE_STANDARD = gnu11;
				GCC_NO_COMMON_BLOCKS = YES;
				GCC_WARN_64_TO_32_BIT_CONVERSION = YES;
				GCC_WARN_ABOUT_RETURN_TYPE = YES_ERROR;
				GCC_WARN_UNDECLARED_SELECTOR = YES;
				GCC_WARN_UNINITIALIZED_AUTOS = YES_AGGRESSIVE;
				GCC_WARN_UNUSED_FUNCTION = YES;
				GCC_WARN_UNUSED_VARIABLE = YES;
				IPHONEOS_DEPLOYMENT_TARGET = 11.2;
				MTL_ENABLE_DEBUG_INFO = NO;
				SDKROOT = iphoneos;
				SWIFT_OPTIMIZATION_LEVEL = "-Owholemodule";
				VALIDATE_PRODUCT = YES;
			};
			name = Release;
		};
		A91FC2C1205F092500A055F0 /* Debug */ = {
			isa = XCBuildConfiguration;
			buildSettings = {
				ASSETCATALOG_COMPILER_APPICON_NAME = AppIcon;
				CODE_SIGN_ENTITLEMENTS = HairCutteryClub/HairCutteryClub.entitlements;
				CODE_SIGN_STYLE = Automatic;
				DEVELOPMENT_TEAM = 9ZL6R2RX4T;
				INFOPLIST_FILE = HairCutteryClub/Info.plist;
				LD_RUNPATH_SEARCH_PATHS = "$(inherited) @executable_path/Frameworks";
				PRODUCT_BUNDLE_IDENTIFIER = GlintHub.HairCutteryClub;
				PRODUCT_NAME = "$(TARGET_NAME)";
				SWIFT_VERSION = 4.0;
				TARGETED_DEVICE_FAMILY = "1,2";
			};
			name = Debug;
		};
		A91FC2C2205F092500A055F0 /* Release */ = {
			isa = XCBuildConfiguration;
			buildSettings = {
				ASSETCATALOG_COMPILER_APPICON_NAME = AppIcon;
				CODE_SIGN_ENTITLEMENTS = HairCutteryClub/HairCutteryClub.entitlements;
				CODE_SIGN_STYLE = Automatic;
				DEVELOPMENT_TEAM = 9ZL6R2RX4T;
				INFOPLIST_FILE = HairCutteryClub/Info.plist;
				LD_RUNPATH_SEARCH_PATHS = "$(inherited) @executable_path/Frameworks";
				PRODUCT_BUNDLE_IDENTIFIER = GlintHub.HairCutteryClub;
				PRODUCT_NAME = "$(TARGET_NAME)";
				SWIFT_VERSION = 4.0;
				TARGETED_DEVICE_FAMILY = "1,2";
			};
			name = Release;
		};
/* End XCBuildConfiguration section */

/* Begin XCConfigurationList section */
		A91FC2A9205F092500A055F0 /* Build configuration list for PBXProject "HairCutteryClub" */ = {
			isa = XCConfigurationList;
			buildConfigurations = (
				A91FC2BE205F092500A055F0 /* Debug */,
				A91FC2BF205F092500A055F0 /* Release */,
			);
			defaultConfigurationIsVisible = 0;
			defaultConfigurationName = Release;
		};
		A91FC2C0205F092500A055F0 /* Build configuration list for PBXNativeTarget "HairCutteryClub" */ = {
			isa = XCConfigurationList;
			buildConfigurations = (
				A91FC2C1205F092500A055F0 /* Debug */,
				A91FC2C2205F092500A055F0 /* Release */,
			);
			defaultConfigurationIsVisible = 0;
			defaultConfigurationName = Release;
		};
/* End XCConfigurationList section */
	};
	rootObject = A91FC2A6205F092500A055F0 /* Project object */;
}
